
Microsoft Visual Studio Solution File, Format Version 12.00
# Visual Studio Version 17
VisualStudioVersion = 17.7.34024.191
MinimumVisualStudioVersion = 10.0.40219.1
Project("{FAE04EC0-301F-11D3-BF4B-00C04F79EFBC}") = "AppForProbation", "AppForProbation\AppForProbation.csproj", "{974EFC16-235A-45AC-B243-956FBD266A7F}"
EndProject
Project("{FAE04EC0-301F-11D3-BF4B-00C04F79EFBC}") = "AppForProbation.Tests", "AppForProbation.Tests\AppForProbation.Tests.csproj", "{B7744E5E-9D3C-4D1A-9C82-8A923329ACA0}"
EndProject
Global
	GlobalSection(SolutionConfigurationPlatforms) = preSolution
		Debug|Any CPU = Debug|Any CPU
		Release|Any CPU = Release|Any CPU
	EndGlobalSection
	GlobalSection(ProjectConfigurationPlatforms) = postSolution
		{974EFC16-235A-45AC-B243-956FBD266A7F}.Debug|Any CPU.ActiveCfg = Debug|Any CPU
		{974EFC16-235A-45AC-B243-956FBD266A7F}.Debug|Any CPU.Build.0 = Debug|Any CPU
		{974EFC16-235A-45AC-B243-956FBD266A7F}.Release|Any CPU.ActiveCfg = Release|Any CPU
		{974EFC16-235A-45AC-B243-956FBD266A7F}.Release|Any CPU.Build.0 = Release|Any CPU
		{B7744E5E-9D3C-4D1A-9C82-8A923329ACA0}.Debug|Any CPU.ActiveCfg = Debug|Any CPU
		{B7744E5E-9D3C-4D1A-9C82-8A923329ACA0}.Debug|Any CPU.Build.0 = Debug|Any CPU
		{B7744E5E-9D3C-4D1A-9C82-8A923329ACA0}.Release|Any CPU.ActiveCfg = Release|Any CPU
		{B7744E5E-9D3C-4D1A-9C82-8A923329ACA0}.Release|Any CPU.Build.0 = Release|Any CPU
	EndGlobalSection
	GlobalSection(SolutionProperties) = preSolution
		HideSolutionNode = FALSE
	EndGlobalSection
	GlobalSection(ExtensibilityGlobals) = postSolution
		SolutionGuid = {32E40D38-28AD-40AE-988E-13811F847772}
	EndGlobalSection
EndGlobal
